
Microsoft Visual Studio Solution File, Format Version 12.00
# Visual Studio Version 17
VisualStudioVersion = 17.9.34616.47
MinimumVisualStudioVersion = 10.0.40219.1
Project("{FAE04EC0-301F-11D3-BF4B-00C04F79EFBC}") = "ABCRetail_TableStorageFunction", "ABCRetail_TableStorageFunction\ABCRetail_TableStorageFunction.csproj", "{C3623B71-99A5-4C9A-8F8F-A805CA58DAD8}"
EndProject
Global
	GlobalSection(SolutionConfigurationPlatforms) = preSolution
		Debug|Any CPU = Debug|Any CPU
		Release|Any CPU = Release|Any CPU
	EndGlobalSection
	GlobalSection(ProjectConfigurationPlatforms) = postSolution
		{C3623B71-99A5-4C9A-8F8F-A805CA58DAD8}.Debug|Any CPU.ActiveCfg = Debug|Any CPU
		{C3623B71-99A5-4C9A-8F8F-A805CA58DAD8}.Debug|Any CPU.Build.0 = Debug|Any CPU
		{C3623B71-99A5-4C9A-8F8F-A805CA58DAD8}.Release|Any CPU.ActiveCfg = Release|Any CPU
		{C3623B71-99A5-4C9A-8F8F-A805CA58DAD8}.Release|Any CPU.Build.0 = Release|Any CPU
	EndGlobalSection
	GlobalSection(SolutionProperties) = preSolution
		HideSolutionNode = FALSE
	EndGlobalSection
	GlobalSection(ExtensibilityGlobals) = postSolution
		SolutionGuid = {54FDAA0B-4F2B-4F10-93F0-7A4B86E917E4}
	EndGlobalSection
EndGlobal
